
Microsoft Visual Studio Solution File, Format Version 12.00
# Visual Studio Version 17
VisualStudioVersion = 17.10.34916.146
MinimumVisualStudioVersion = 10.0.40219.1
Project("{FAE04EC0-301F-11D3-BF4B-00C04F79EFBC}") = "NexusGroup.Data", "NexusGroup.Data\NexusGroup.Data.csproj", "{B318A249-BD18-4506-8BF6-ED5B5341EBB3}"
EndProject
Project("{FAE04EC0-301F-11D3-BF4B-00C04F79EFBC}") = "NexusGroup.Service", "NexusGroup.Service\NexusGroup.Service.csproj", "{486A64BC-23B0-45EC-A4CE-1EC41E93FED7}"
EndProject
Project("{FAE04EC0-301F-11D3-BF4B-00C04F79EFBC}") = "NexusGroup.Api", "NexusGroup.Api\NexusGroup.Api.csproj", "{CEC2CD54-6CBA-4E8B-BBB6-3FEDFAEB5BE7}"
EndProject
Project("{FAE04EC0-301F-11D3-BF4B-00C04F79EFBC}") = "NexusGroup.Admin", "NexusGroup.Admin\NexusGroup.Admin.csproj", "{2B202D8A-6485-4CF4-B811-6EA75D3D5011}"
EndProject
Project("{FAE04EC0-301F-11D3-BF4B-00C04F79EFBC}") = "NexusGroup.Portal", "NexusGroup.Portal\NexusGroup.Portal.csproj", "{BF363146-F191-4CE7-8D64-4314637E1251}"
EndProject
Project("{FAE04EC0-301F-11D3-BF4B-00C04F79EFBC}") = "NexusGroup.Test", "NexusGroup.Test\NexusGroup.Test.csproj", "{BD588E25-5208-44C2-8E38-86BBA83CB1D3}"
EndProject
Global
	GlobalSection(SolutionConfigurationPlatforms) = preSolution
		Debug|Any CPU = Debug|Any CPU
		Release|Any CPU = Release|Any CPU
	EndGlobalSection
	GlobalSection(ProjectConfigurationPlatforms) = postSolution
		{B318A249-BD18-4506-8BF6-ED5B5341EBB3}.Debug|Any CPU.ActiveCfg = Debug|Any CPU
		{B318A249-BD18-4506-8BF6-ED5B5341EBB3}.Debug|Any CPU.Build.0 = Debug|Any CPU
		{B318A249-BD18-4506-8BF6-ED5B5341EBB3}.Release|Any CPU.ActiveCfg = Release|Any CPU
		{B318A249-BD18-4506-8BF6-ED5B5341EBB3}.Release|Any CPU.Build.0 = Release|Any CPU
		{486A64BC-23B0-45EC-A4CE-1EC41E93FED7}.Debug|Any CPU.ActiveCfg = Debug|Any CPU
		{486A64BC-23B0-45EC-A4CE-1EC41E93FED7}.Debug|Any CPU.Build.0 = Debug|Any CPU
		{486A64BC-23B0-45EC-A4CE-1EC41E93FED7}.Release|Any CPU.ActiveCfg = Release|Any CPU
		{486A64BC-23B0-45EC-A4CE-1EC41E93FED7}.Release|Any CPU.Build.0 = Release|Any CPU
		{CEC2CD54-6CBA-4E8B-BBB6-3FEDFAEB5BE7}.Debug|Any CPU.ActiveCfg = Debug|Any CPU
		{CEC2CD54-6CBA-4E8B-BBB6-3FEDFAEB5BE7}.Debug|Any CPU.Build.0 = Debug|Any CPU
		{CEC2CD54-6CBA-4E8B-BBB6-3FEDFAEB5BE7}.Release|Any CPU.ActiveCfg = Release|Any CPU
		{CEC2CD54-6CBA-4E8B-BBB6-3FEDFAEB5BE7}.Release|Any CPU.Build.0 = Release|Any CPU
		{2B202D8A-6485-4CF4-B811-6EA75D3D5011}.Debug|Any CPU.ActiveCfg = Debug|Any CPU
		{2B202D8A-6485-4CF4-B811-6EA75D3D5011}.Debug|Any CPU.Build.0 = Debug|Any CPU
		{2B202D8A-6485-4CF4-B811-6EA75D3D5011}.Release|Any CPU.ActiveCfg = Release|Any CPU
		{2B202D8A-6485-4CF4-B811-6EA75D3D5011}.Release|Any CPU.Build.0 = Release|Any CPU
		{BF363146-F191-4CE7-8D64-4314637E1251}.Debug|Any CPU.ActiveCfg = Debug|Any CPU
		{BF363146-F191-4CE7-8D64-4314637E1251}.Debug|Any CPU.Build.0 = Debug|Any CPU
		{BF363146-F191-4CE7-8D64-4314637E1251}.Release|Any CPU.ActiveCfg = Release|Any CPU
		{BF363146-F191-4CE7-8D64-4314637E1251}.Release|Any CPU.Build.0 = Release|Any CPU
		{BD588E25-5208-44C2-8E38-86BBA83CB1D3}.Debug|Any CPU.ActiveCfg = Debug|Any CPU
		{BD588E25-5208-44C2-8E38-86BBA83CB1D3}.Debug|Any CPU.Build.0 = Debug|Any CPU
		{BD588E25-5208-44C2-8E38-86BBA83CB1D3}.Release|Any CPU.ActiveCfg = Release|Any CPU
		{BD588E25-5208-44C2-8E38-86BBA83CB1D3}.Release|Any CPU.Build.0 = Release|Any CPU
	EndGlobalSection
	GlobalSection(SolutionProperties) = preSolution
		HideSolutionNode = FALSE
	EndGlobalSection
	GlobalSection(ExtensibilityGlobals) = postSolution
		SolutionGuid = {A07A07C5-7287-44E5-9B88-E13E17C0C2E7}
	EndGlobalSection
EndGlobal
